// !$*UTF8*$!
{
	archiveVersion = 1;
	classes = {
	};
	objectVersion = 55;
	objects = {

/* Begin PBXBuildFile section */
		3B64B7916D780C0B1873B03D /* Pods_TwitterClone.framework in Frameworks */ = {isa = PBXBuildFile; fileRef = E9F0C2A699A9E1FAD3666953 /* Pods_TwitterClone.framework */; };
		4F163C7D278A04CC00C8CE10 /* UIApplicationExtension.swift in Sources */ = {isa = PBXBuildFile; fileRef = 4F163C7C278A04CC00C8CE10 /* UIApplicationExtension.swift */; };
		4F163C7F278A101F00C8CE10 /* ActionSheetCell.swift in Sources */ = {isa = PBXBuildFile; fileRef = 4F163C7E278A101F00C8CE10 /* ActionSheetCell.swift */; };
		4F163C81278A239900C8CE10 /* ActionSheetViewModel.swift in Sources */ = {isa = PBXBuildFile; fileRef = 4F163C80278A239900C8CE10 /* ActionSheetViewModel.swift */; };
		4F1CAF50276D21160034EBA3 /* UploadTweetsController.swift in Sources */ = {isa = PBXBuildFile; fileRef = 4F1CAF4F276D21160034EBA3 /* UploadTweetsController.swift */; };
		4F1EB5BC27772B54002C7C47 /* ProfileFilterView.swift in Sources */ = {isa = PBXBuildFile; fileRef = 4F1EB5BB27772B54002C7C47 /* ProfileFilterView.swift */; };
		4F1EB5BE27772F27002C7C47 /* ProfileFilterCell.swift in Sources */ = {isa = PBXBuildFile; fileRef = 4F1EB5BD27772F27002C7C47 /* ProfileFilterCell.swift */; };
		4F2154A727788DF00067F35C /* UserCell.swift in Sources */ = {isa = PBXBuildFile; fileRef = 4F2154A627788DF00067F35C /* UserCell.swift */; };
		4F2B2DCE276F94F90020F27A /* TweetService.swift in Sources */ = {isa = PBXBuildFile; fileRef = 4F2B2DCD276F94F90020F27A /* TweetService.swift */; };
		4F2B2DD0276F9AD70020F27A /* Tweet.swift in Sources */ = {isa = PBXBuildFile; fileRef = 4F2B2DCF276F9AD70020F27A /* Tweet.swift */; };
		4F2B2DD2276FA5C80020F27A /* TweetCell.swift in Sources */ = {isa = PBXBuildFile; fileRef = 4F2B2DD1276FA5C80020F27A /* TweetCell.swift */; };
		4F363C7827711621002B889F /* TweetViewModel.swift in Sources */ = {isa = PBXBuildFile; fileRef = 4F363C7727711621002B889F /* TweetViewModel.swift */; };
		4F39D93427653B9900149770 /* DBConstants.swift in Sources */ = {isa = PBXBuildFile; fileRef = 4F39D93327653B9900149770 /* DBConstants.swift */; };
		4F3E83EE2777606A00E62ADC /* ProfileHeaderViewModel.swift in Sources */ = {isa = PBXBuildFile; fileRef = 4F3E83ED2777606A00E62ADC /* ProfileHeaderViewModel.swift */; };
		4F3E83F0277761A200E62ADC /* ImageService.swift in Sources */ = {isa = PBXBuildFile; fileRef = 4F3E83EF277761A200E62ADC /* ImageService.swift */; };
		4F4D944C275D12F900650A93 /* AppDelegate.swift in Sources */ = {isa = PBXBuildFile; fileRef = 4F4D944B275D12F900650A93 /* AppDelegate.swift */; };
		4F4D944E275D12F900650A93 /* SceneDelegate.swift in Sources */ = {isa = PBXBuildFile; fileRef = 4F4D944D275D12F900650A93 /* SceneDelegate.swift */; };
		4F4D9455275D12FB00650A93 /* Assets.xcassets in Resources */ = {isa = PBXBuildFile; fileRef = 4F4D9454275D12FB00650A93 /* Assets.xcassets */; };
		4F4D9458275D12FB00650A93 /* LaunchScreen.storyboard in Resources */ = {isa = PBXBuildFile; fileRef = 4F4D9456275D12FB00650A93 /* LaunchScreen.storyboard */; };
		4F4D9467275D13FB00650A93 /* MainTabController.swift in Sources */ = {isa = PBXBuildFile; fileRef = 4F4D9466275D13FB00650A93 /* MainTabController.swift */; };
		4F4EE53727725B10002DC666 /* ProfileController.swift in Sources */ = {isa = PBXBuildFile; fileRef = 4F4EE53627725B10002DC666 /* ProfileController.swift */; };
		4F4EE53927726177002DC666 /* ProfileHeaderView.swift in Sources */ = {isa = PBXBuildFile; fileRef = 4F4EE53827726177002DC666 /* ProfileHeaderView.swift */; };
		4F62C77E2763E8C900E08809 /* UIButtonConfigurationExtension.swift in Sources */ = {isa = PBXBuildFile; fileRef = 4F62C77D2763E8C900E08809 /* UIButtonConfigurationExtension.swift */; };
		4F62C7802763F1A200E08809 /* NSConstraintsExtension.swift in Sources */ = {isa = PBXBuildFile; fileRef = 4F62C77F2763F1A200E08809 /* NSConstraintsExtension.swift */; };
		4F6E095B276E7026004DA592 /* CachedImageView.swift in Sources */ = {isa = PBXBuildFile; fileRef = 4F6E095A276E7026004DA592 /* CachedImageView.swift */; };
		4F6E095D276E707D004DA592 /* DiscardableImageCacheItem.swift in Sources */ = {isa = PBXBuildFile; fileRef = 4F6E095C276E707D004DA592 /* DiscardableImageCacheItem.swift */; };
		4F713FCE276F75AA0060B893 /* CaptionTextView.swift in Sources */ = {isa = PBXBuildFile; fileRef = 4F713FCD276F75AA0060B893 /* CaptionTextView.swift */; };
		4F7771EA27822B9300347906 /* UploadTweetViewModel.swift in Sources */ = {isa = PBXBuildFile; fileRef = 4F7771E927822B9300347906 /* UploadTweetViewModel.swift */; };
		4F86DC7F27649B47004FFB5A /* AppColors.swift in Sources */ = {isa = PBXBuildFile; fileRef = 4F86DC7E27649B47004FFB5A /* AppColors.swift */; };
		4F86DC8227649DB9004FFB5A /* LoginController.swift in Sources */ = {isa = PBXBuildFile; fileRef = 4F86DC8127649DB9004FFB5A /* LoginController.swift */; };
		4F86DC8427649DF0004FFB5A /* RegistrationController.swift in Sources */ = {isa = PBXBuildFile; fileRef = 4F86DC8327649DF0004FFB5A /* RegistrationController.swift */; };
		4F93710B27664D37007667F8 /* AuthService.swift in Sources */ = {isa = PBXBuildFile; fileRef = 4F93710A27664D37007667F8 /* AuthService.swift */; };
		4F96921B278027DE00E14880 /* TweetDetailsController.swift in Sources */ = {isa = PBXBuildFile; fileRef = 4F96921A278027DE00E14880 /* TweetDetailsController.swift */; };
		4F96921D27802B6400E14880 /* TweetDetailsHeader.swift in Sources */ = {isa = PBXBuildFile; fileRef = 4F96921C27802B6400E14880 /* TweetDetailsHeader.swift */; };
		4FB35AB92764B4110021F277 /* Utilities.swift in Sources */ = {isa = PBXBuildFile; fileRef = 4FB35AB82764B4110021F277 /* Utilities.swift */; };
		4FB35ABB2764E4960021F277 /* GoogleService-Info.plist in Resources */ = {isa = PBXBuildFile; fileRef = 4FB35ABA2764E4960021F277 /* GoogleService-Info.plist */; };
		4FB7F64D275D4FD0008F7AB7 /* FeedController.swift in Sources */ = {isa = PBXBuildFile; fileRef = 4FB7F64C275D4FD0008F7AB7 /* FeedController.swift */; };
		4FB7F64F275D501B008F7AB7 /* ExploreController.swift in Sources */ = {isa = PBXBuildFile; fileRef = 4FB7F64E275D501B008F7AB7 /* ExploreController.swift */; };
		4FB7F651275D5049008F7AB7 /* NotificationsController.swift in Sources */ = {isa = PBXBuildFile; fileRef = 4FB7F650275D5049008F7AB7 /* NotificationsController.swift */; };
		4FB7F653275D506D008F7AB7 /* ConversationsController.swift in Sources */ = {isa = PBXBuildFile; fileRef = 4FB7F652275D506D008F7AB7 /* ConversationsController.swift */; };
		4FB7F656275D533D008F7AB7 /* Constants.swift in Sources */ = {isa = PBXBuildFile; fileRef = 4FB7F655275D533D008F7AB7 /* Constants.swift */; };
		4FCB1824276BC58900388E96 /* UserService.swift in Sources */ = {isa = PBXBuildFile; fileRef = 4FCB1823276BC58900388E96 /* UserService.swift */; };
		4FCB1826276BCBB000388E96 /* User.swift in Sources */ = {isa = PBXBuildFile; fileRef = 4FCB1825276BCBB000388E96 /* User.swift */; };
		4FF29DCE27862C0F00DB5215 /* ActionSheetLauncher.swift in Sources */ = {isa = PBXBuildFile; fileRef = 4FF29DCD27862C0F00DB5215 /* ActionSheetLauncher.swift */; };
/* End PBXBuildFile section */

/* Begin PBXFileReference section */
		11D57413B372532034C4643E /* Pods-TwitterClone.debug.xcconfig */ = {isa = PBXFileReference; includeInIndex = 1; lastKnownFileType = text.xcconfig; name = "Pods-TwitterClone.debug.xcconfig"; path = "Target Support Files/Pods-TwitterClone/Pods-TwitterClone.debug.xcconfig"; sourceTree = "<group>"; };
		1ACE9853BF92C45C18702CCE /* Pods-TwitterClone.release.xcconfig */ = {isa = PBXFileReference; includeInIndex = 1; lastKnownFileType = text.xcconfig; name = "Pods-TwitterClone.release.xcconfig"; path = "Target Support Files/Pods-TwitterClone/Pods-TwitterClone.release.xcconfig"; sourceTree = "<group>"; };
		4F163C7C278A04CC00C8CE10 /* UIApplicationExtension.swift */ = {isa = PBXFileReference; lastKnownFileType = sourcecode.swift; path = UIApplicationExtension.swift; sourceTree = "<group>"; };
		4F163C7E278A101F00C8CE10 /* ActionSheetCell.swift */ = {isa = PBXFileReference; lastKnownFileType = sourcecode.swift; path = ActionSheetCell.swift; sourceTree = "<group>"; };
		4F163C80278A239900C8CE10 /* ActionSheetViewModel.swift */ = {isa = PBXFileReference; lastKnownFileType = sourcecode.swift; path = ActionSheetViewModel.swift; sourceTree = "<group>"; };
		4F1CAF4F276D21160034EBA3 /* UploadTweetsController.swift */ = {isa = PBXFileReference; lastKnownFileType = sourcecode.swift; path = UploadTweetsController.swift; sourceTree = "<group>"; };
		4F1EB5BB27772B54002C7C47 /* ProfileFilterView.swift */ = {isa = PBXFileReference; lastKnownFileType = sourcecode.swift; path = ProfileFilterView.swift; sourceTree = "<group>"; };
		4F1EB5BD27772F27002C7C47 /* ProfileFilterCell.swift */ = {isa = PBXFileReference; lastKnownFileType = sourcecode.swift; path = ProfileFilterCell.swift; sourceTree = "<group>"; };
		4F2154A627788DF00067F35C /* UserCell.swift */ = {isa = PBXFileReference; lastKnownFileType = sourcecode.swift; path = UserCell.swift; sourceTree = "<group>"; };
		4F2B2DCD276F94F90020F27A /* TweetService.swift */ = {isa = PBXFileReference; lastKnownFileType = sourcecode.swift; path = TweetService.swift; sourceTree = "<group>"; };
		4F2B2DCF276F9AD70020F27A /* Tweet.swift */ = {isa = PBXFileReference; lastKnownFileType = sourcecode.swift; path = Tweet.swift; sourceTree = "<group>"; };
		4F2B2DD1276FA5C80020F27A /* TweetCell.swift */ = {isa = PBXFileReference; lastKnownFileType = sourcecode.swift; path = TweetCell.swift; sourceTree = "<group>"; };
		4F363C7727711621002B889F /* TweetViewModel.swift */ = {isa = PBXFileReference; lastKnownFileType = sourcecode.swift; path = TweetViewModel.swift; sourceTree = "<group>"; };
		4F39D93327653B9900149770 /* DBConstants.swift */ = {isa = PBXFileReference; lastKnownFileType = sourcecode.swift; path = DBConstants.swift; sourceTree = "<group>"; };
		4F3E83ED2777606A00E62ADC /* ProfileHeaderViewModel.swift */ = {isa = PBXFileReference; lastKnownFileType = sourcecode.swift; path = ProfileHeaderViewModel.swift; sourceTree = "<group>"; };
		4F3E83EF277761A200E62ADC /* ImageService.swift */ = {isa = PBXFileReference; lastKnownFileType = sourcecode.swift; path = ImageService.swift; sourceTree = "<group>"; };
		4F4D9448275D12F900650A93 /* TwitterClone.app */ = {isa = PBXFileReference; explicitFileType = wrapper.application; includeInIndex = 0; path = TwitterClone.app; sourceTree = BUILT_PRODUCTS_DIR; };
		4F4D944B275D12F900650A93 /* AppDelegate.swift */ = {isa = PBXFileReference; lastKnownFileType = sourcecode.swift; path = AppDelegate.swift; sourceTree = "<group>"; };
		4F4D944D275D12F900650A93 /* SceneDelegate.swift */ = {isa = PBXFileReference; lastKnownFileType = sourcecode.swift; path = SceneDelegate.swift; sourceTree = "<group>"; };
		4F4D9454275D12FB00650A93 /* Assets.xcassets */ = {isa = PBXFileReference; lastKnownFileType = folder.assetcatalog; path = Assets.xcassets; sourceTree = "<group>"; };
		4F4D9457275D12FB00650A93 /* Base */ = {isa = PBXFileReference; lastKnownFileType = file.storyboard; name = Base; path = Base.lproj/LaunchScreen.storyboard; sourceTree = "<group>"; };
		4F4D9459275D12FB00650A93 /* Info.plist */ = {isa = PBXFileReference; lastKnownFileType = text.plist.xml; path = Info.plist; sourceTree = "<group>"; };
		4F4D9466275D13FB00650A93 /* MainTabController.swift */ = {isa = PBXFileReference; lastKnownFileType = sourcecode.swift; path = MainTabController.swift; sourceTree = "<group>"; };
		4F4EE53627725B10002DC666 /* ProfileController.swift */ = {isa = PBXFileReference; lastKnownFileType = sourcecode.swift; path = ProfileController.swift; sourceTree = "<group>"; };
		4F4EE53827726177002DC666 /* ProfileHeaderView.swift */ = {isa = PBXFileReference; lastKnownFileType = sourcecode.swift; path = ProfileHeaderView.swift; sourceTree = "<group>"; };
		4F62C77D2763E8C900E08809 /* UIButtonConfigurationExtension.swift */ = {isa = PBXFileReference; lastKnownFileType = sourcecode.swift; path = UIButtonConfigurationExtension.swift; sourceTree = "<group>"; };
		4F62C77F2763F1A200E08809 /* NSConstraintsExtension.swift */ = {isa = PBXFileReference; lastKnownFileType = sourcecode.swift; path = NSConstraintsExtension.swift; sourceTree = "<group>"; };
		4F6E095A276E7026004DA592 /* CachedImageView.swift */ = {isa = PBXFileReference; lastKnownFileType = sourcecode.swift; path = CachedImageView.swift; sourceTree = "<group>"; };
		4F6E095C276E707D004DA592 /* DiscardableImageCacheItem.swift */ = {isa = PBXFileReference; lastKnownFileType = sourcecode.swift; path = DiscardableImageCacheItem.swift; sourceTree = "<group>"; };
		4F713FCD276F75AA0060B893 /* CaptionTextView.swift */ = {isa = PBXFileReference; lastKnownFileType = sourcecode.swift; path = CaptionTextView.swift; sourceTree = "<group>"; };
		4F7771E927822B9300347906 /* UploadTweetViewModel.swift */ = {isa = PBXFileReference; lastKnownFileType = sourcecode.swift; path = UploadTweetViewModel.swift; sourceTree = "<group>"; };
		4F86DC7E27649B47004FFB5A /* AppColors.swift */ = {isa = PBXFileReference; lastKnownFileType = sourcecode.swift; path = AppColors.swift; sourceTree = "<group>"; };
		4F86DC8127649DB9004FFB5A /* LoginController.swift */ = {isa = PBXFileReference; lastKnownFileType = sourcecode.swift; path = LoginController.swift; sourceTree = "<group>"; };
		4F86DC8327649DF0004FFB5A /* RegistrationController.swift */ = {isa = PBXFileReference; lastKnownFileType = sourcecode.swift; path = RegistrationController.swift; sourceTree = "<group>"; };
		4F93710A27664D37007667F8 /* AuthService.swift */ = {isa = PBXFileReference; lastKnownFileType = sourcecode.swift; path = AuthService.swift; sourceTree = "<group>"; };
		4F96921A278027DE00E14880 /* TweetDetailsController.swift */ = {isa = PBXFileReference; lastKnownFileType = sourcecode.swift; path = TweetDetailsController.swift; sourceTree = "<group>"; };
		4F96921C27802B6400E14880 /* TweetDetailsHeader.swift */ = {isa = PBXFileReference; lastKnownFileType = sourcecode.swift; path = TweetDetailsHeader.swift; sourceTree = "<group>"; };
		4FB35AB82764B4110021F277 /* Utilities.swift */ = {isa = PBXFileReference; lastKnownFileType = sourcecode.swift; path = Utilities.swift; sourceTree = "<group>"; };
		4FB35ABA2764E4960021F277 /* GoogleService-Info.plist */ = {isa = PBXFileReference; lastKnownFileType = text.plist; path = "GoogleService-Info.plist"; sourceTree = SOURCE_ROOT; };
		4FB7F64C275D4FD0008F7AB7 /* FeedController.swift */ = {isa = PBXFileReference; lastKnownFileType = sourcecode.swift; path = FeedController.swift; sourceTree = "<group>"; };
		4FB7F64E275D501B008F7AB7 /* ExploreController.swift */ = {isa = PBXFileReference; lastKnownFileType = sourcecode.swift; path = ExploreController.swift; sourceTree = "<group>"; };
		4FB7F650275D5049008F7AB7 /* NotificationsController.swift */ = {isa = PBXFileReference; lastKnownFileType = sourcecode.swift; path = NotificationsController.swift; sourceTree = "<group>"; };
		4FB7F652275D506D008F7AB7 /* ConversationsController.swift */ = {isa = PBXFileReference; lastKnownFileType = sourcecode.swift; path = ConversationsController.swift; sourceTree = "<group>"; };
		4FB7F655275D533D008F7AB7 /* Constants.swift */ = {isa = PBXFileReference; lastKnownFileType = sourcecode.swift; path = Constants.swift; sourceTree = "<group>"; };
		4FCB1823276BC58900388E96 /* UserService.swift */ = {isa = PBXFileReference; lastKnownFileType = sourcecode.swift; path = UserService.swift; sourceTree = "<group>"; };
		4FCB1825276BCBB000388E96 /* User.swift */ = {isa = PBXFileReference; lastKnownFileType = sourcecode.swift; path = User.swift; sourceTree = "<group>"; };
		4FF29DCD27862C0F00DB5215 /* ActionSheetLauncher.swift */ = {isa = PBXFileReference; lastKnownFileType = sourcecode.swift; path = ActionSheetLauncher.swift; sourceTree = "<group>"; };
		E9F0C2A699A9E1FAD3666953 /* Pods_TwitterClone.framework */ = {isa = PBXFileReference; explicitFileType = wrapper.framework; includeInIndex = 0; path = Pods_TwitterClone.framework; sourceTree = BUILT_PRODUCTS_DIR; };
/* End PBXFileReference section */

/* Begin PBXFrameworksBuildPhase section */
		4F4D9445275D12F900650A93 /* Frameworks */ = {
			isa = PBXFrameworksBuildPhase;
			buildActionMask = 2147483647;
			files = (
				3B64B7916D780C0B1873B03D /* Pods_TwitterClone.framework in Frameworks */,
			);
			runOnlyForDeploymentPostprocessing = 0;
		};
/* End PBXFrameworksBuildPhase section */

/* Begin PBXGroup section */
		019D2967708BEEB8A36CA113 /* Pods */ = {
			isa = PBXGroup;
			children = (
				11D57413B372532034C4643E /* Pods-TwitterClone.debug.xcconfig */,
				1ACE9853BF92C45C18702CCE /* Pods-TwitterClone.release.xcconfig */,
			);
			path = Pods;
			sourceTree = "<group>";
		};
		0BBAD9CCDC30730B03DE1E4B /* Frameworks */ = {
			isa = PBXGroup;
			children = (
				E9F0C2A699A9E1FAD3666953 /* Pods_TwitterClone.framework */,
			);
			name = Frameworks;
			sourceTree = "<group>";
		};
		4F4D943F275D12F900650A93 = {
			isa = PBXGroup;
			children = (
				4F4D944A275D12F900650A93 /* TwitterClone */,
				4F4D9449275D12F900650A93 /* Products */,
				019D2967708BEEB8A36CA113 /* Pods */,
				0BBAD9CCDC30730B03DE1E4B /* Frameworks */,
			);
			sourceTree = "<group>";
		};
		4F4D9449275D12F900650A93 /* Products */ = {
			isa = PBXGroup;
			children = (
				4F4D9448275D12F900650A93 /* TwitterClone.app */,
			);
			name = Products;
			sourceTree = "<group>";
		};
		4F4D944A275D12F900650A93 /* TwitterClone */ = {
			isa = PBXGroup;
			children = (
				4F4D9460275D133400650A93 /* API */,
				4F4D9468275D14CE00650A93 /* Application */,
				4FB7F654275D532F008F7AB7 /* Constants */,
				4F4D9461275D133500650A93 /* Controllers */,
				4F4D9464275D133A00650A93 /* Model */,
				4F4D9469275D14DC00650A93 /* Resources */,
				4F4D9465275D135800650A93 /* Utilities */,
				4F4D9463275D133800650A93 /* View */,
				4F4D9462275D133700650A93 /* ViewModel */,
			);
			path = TwitterClone;
			sourceTree = "<group>";
		};
		4F4D9460275D133400650A93 /* API */ = {
			isa = PBXGroup;
			children = (
				4F93710A27664D37007667F8 /* AuthService.swift */,
				4F2B2DCD276F94F90020F27A /* TweetService.swift */,
				4FCB1823276BC58900388E96 /* UserService.swift */,
				4F3E83EF277761A200E62ADC /* ImageService.swift */,
			);
			path = API;
			sourceTree = "<group>";
		};
		4F4D9461275D133500650A93 /* Controllers */ = {
			isa = PBXGroup;
			children = (
				4F86DC8027649D86004FFB5A /* Authentication */,
				4F4D9466275D13FB00650A93 /* MainTabController.swift */,
				4FB7F64C275D4FD0008F7AB7 /* FeedController.swift */,
				4FB7F64E275D501B008F7AB7 /* ExploreController.swift */,
				4FB7F650275D5049008F7AB7 /* NotificationsController.swift */,
				4FB7F652275D506D008F7AB7 /* ConversationsController.swift */,
				4F1CAF4F276D21160034EBA3 /* UploadTweetsController.swift */,
				4F4EE53627725B10002DC666 /* ProfileController.swift */,
				4F96921A278027DE00E14880 /* TweetDetailsController.swift */,
			);
			path = Controllers;
			sourceTree = "<group>";
		};
		4F4D9462275D133700650A93 /* ViewModel */ = {
			isa = PBXGroup;
			children = (
				4F363C7727711621002B889F /* TweetViewModel.swift */,
				4F3E83ED2777606A00E62ADC /* ProfileHeaderViewModel.swift */,
				4F7771E927822B9300347906 /* UploadTweetViewModel.swift */,
				4F163C80278A239900C8CE10 /* ActionSheetViewModel.swift */,
			);
			path = ViewModel;
			sourceTree = "<group>";
		};
		4F4D9463275D133800650A93 /* View */ = {
			isa = PBXGroup;
			children = (
				4F4D9456275D12FB00650A93 /* LaunchScreen.storyboard */,
				4F713FCD276F75AA0060B893 /* CaptionTextView.swift */,
				4F2B2DD1276FA5C80020F27A /* TweetCell.swift */,
				4F4EE53827726177002DC666 /* ProfileHeaderView.swift */,
				4F1EB5BB27772B54002C7C47 /* ProfileFilterView.swift */,
				4F1EB5BD27772F27002C7C47 /* ProfileFilterCell.swift */,
				4F2154A627788DF00067F35C /* UserCell.swift */,
				4F96921C27802B6400E14880 /* TweetDetailsHeader.swift */,
				4F163C7E278A101F00C8CE10 /* ActionSheetCell.swift */,
			);
			path = View;
			sourceTree = "<group>";
		};
		4F4D9464275D133A00650A93 /* Model */ = {
			isa = PBXGroup;
			children = (
				4FCB1825276BCBB000388E96 /* User.swift */,
				4F2B2DCF276F9AD70020F27A /* Tweet.swift */,
			);
			path = Model;
			sourceTree = "<group>";
		};
		4F4D9465275D135800650A93 /* Utilities */ = {
			isa = PBXGroup;
			children = (
				4F62C77D2763E8C900E08809 /* UIButtonConfigurationExtension.swift */,
				4F62C77F2763F1A200E08809 /* NSConstraintsExtension.swift */,
				4F86DC7E27649B47004FFB5A /* AppColors.swift */,
				4FB35AB82764B4110021F277 /* Utilities.swift */,
				4F6E095E276E7095004DA592 /* ImageCacheing */,
				4FF29DCD27862C0F00DB5215 /* ActionSheetLauncher.swift */,
				4F163C7C278A04CC00C8CE10 /* UIApplicationExtension.swift */,
			);
			path = Utilities;
			sourceTree = "<group>";
		};
		4F4D9468275D14CE00650A93 /* Application */ = {
			isa = PBXGroup;
			children = (
				4F4D944B275D12F900650A93 /* AppDelegate.swift */,
				4F4D944D275D12F900650A93 /* SceneDelegate.swift */,
			);
			path = Application;
			sourceTree = "<group>";
		};
		4F4D9469275D14DC00650A93 /* Resources */ = {
			isa = PBXGroup;
			children = (
				4FB35ABA2764E4960021F277 /* GoogleService-Info.plist */,
				4F4D9454275D12FB00650A93 /* Assets.xcassets */,
				4F4D9459275D12FB00650A93 /* Info.plist */,
			);
			path = Resources;
			sourceTree = "<group>";
		};
		4F6E095E276E7095004DA592 /* ImageCacheing */ = {
			isa = PBXGroup;
			children = (
				4F6E095A276E7026004DA592 /* CachedImageView.swift */,
				4F6E095C276E707D004DA592 /* DiscardableImageCacheItem.swift */,
			);
			path = ImageCacheing;
			sourceTree = "<group>";
		};
		4F86DC8027649D86004FFB5A /* Authentication */ = {
			isa = PBXGroup;
			children = (
				4F86DC8127649DB9004FFB5A /* LoginController.swift */,
				4F86DC8327649DF0004FFB5A /* RegistrationController.swift */,
			);
			path = Authentication;
			sourceTree = "<group>";
		};
		4FB7F654275D532F008F7AB7 /* Constants */ = {
			isa = PBXGroup;
			children = (
				4FB7F655275D533D008F7AB7 /* Constants.swift */,
				4F39D93327653B9900149770 /* DBConstants.swift */,
			);
			path = Constants;
			sourceTree = "<group>";
		};
/* End PBXGroup section */

/* Begin PBXNativeTarget section */
		4F4D9447275D12F900650A93 /* TwitterClone */ = {
			isa = PBXNativeTarget;
			buildConfigurationList = 4F4D945C275D12FB00650A93 /* Build configuration list for PBXNativeTarget "TwitterClone" */;
			buildPhases = (
				BC4256942D4DC2D0815B9819 /* [CP] Check Pods Manifest.lock */,
				4F4D9444275D12F900650A93 /* Sources */,
				4F4D9445275D12F900650A93 /* Frameworks */,
				4F4D9446275D12F900650A93 /* Resources */,
				839DC5D62F3DB091D2215DF8 /* [CP] Embed Pods Frameworks */,
			);
			buildRules = (
			);
			dependencies = (
			);
			name = TwitterClone;
			productName = TwitterClone;
			productReference = 4F4D9448275D12F900650A93 /* TwitterClone.app */;
			productType = "com.apple.product-type.application";
		};
/* End PBXNativeTarget section */

/* Begin PBXProject section */
		4F4D9440275D12F900650A93 /* Project object */ = {
			isa = PBXProject;
			attributes = {
				BuildIndependentTargetsInParallel = 1;
				LastSwiftUpdateCheck = 1310;
				LastUpgradeCheck = 1310;
				TargetAttributes = {
					4F4D9447275D12F900650A93 = {
						CreatedOnToolsVersion = 13.1;
					};
				};
			};
			buildConfigurationList = 4F4D9443275D12F900650A93 /* Build configuration list for PBXProject "TwitterClone" */;
			compatibilityVersion = "Xcode 13.0";
			developmentRegion = en;
			hasScannedForEncodings = 0;
			knownRegions = (
				en,
				Base,
			);
			mainGroup = 4F4D943F275D12F900650A93;
			productRefGroup = 4F4D9449275D12F900650A93 /* Products */;
			projectDirPath = "";
			projectRoot = "";
			targets = (
				4F4D9447275D12F900650A93 /* TwitterClone */,
			);
		};
/* End PBXProject section */

/* Begin PBXResourcesBuildPhase section */
		4F4D9446275D12F900650A93 /* Resources */ = {
			isa = PBXResourcesBuildPhase;
			buildActionMask = 2147483647;
			files = (
				4F4D9458275D12FB00650A93 /* LaunchScreen.storyboard in Resources */,
				4F4D9455275D12FB00650A93 /* Assets.xcassets in Resources */,
				4FB35ABB2764E4960021F277 /* GoogleService-Info.plist in Resources */,
			);
			runOnlyForDeploymentPostprocessing = 0;
		};
/* End PBXResourcesBuildPhase section */

/* Begin PBXShellScriptBuildPhase section */
		839DC5D62F3DB091D2215DF8 /* [CP] Embed Pods Frameworks */ = {
			isa = PBXShellScriptBuildPhase;
			buildActionMask = 2147483647;
			files = (
			);
			inputFileListPaths = (
				"${PODS_ROOT}/Target Support Files/Pods-TwitterClone/Pods-TwitterClone-frameworks-${CONFIGURATION}-input-files.xcfilelist",
			);
			name = "[CP] Embed Pods Frameworks";
			outputFileListPaths = (
				"${PODS_ROOT}/Target Support Files/Pods-TwitterClone/Pods-TwitterClone-frameworks-${CONFIGURATION}-output-files.xcfilelist",
			);
			runOnlyForDeploymentPostprocessing = 0;
			shellPath = /bin/sh;
			shellScript = "\"${PODS_ROOT}/Target Support Files/Pods-TwitterClone/Pods-TwitterClone-frameworks.sh\"\n";
			showEnvVarsInLog = 0;
		};
		BC4256942D4DC2D0815B9819 /* [CP] Check Pods Manifest.lock */ = {
			isa = PBXShellScriptBuildPhase;
			buildActionMask = 2147483647;
			files = (
			);
			inputFileListPaths = (
			);
			inputPaths = (
				"${PODS_PODFILE_DIR_PATH}/Podfile.lock",
				"${PODS_ROOT}/Manifest.lock",
			);
			name = "[CP] Check Pods Manifest.lock";
			outputFileListPaths = (
			);
			outputPaths = (
				"$(DERIVED_FILE_DIR)/Pods-TwitterClone-checkManifestLockResult.txt",
			);
			runOnlyForDeploymentPostprocessing = 0;
			shellPath = /bin/sh;
			shellScript = "diff \"${PODS_PODFILE_DIR_PATH}/Podfile.lock\" \"${PODS_ROOT}/Manifest.lock\" > /dev/null\nif [ $? != 0 ] ; then\n    # print error to STDERR\n    echo \"error: The sandbox is not in sync with the Podfile.lock. Run 'pod install' or update your CocoaPods installation.\" >&2\n    exit 1\nfi\n# This output is used by Xcode 'outputs' to avoid re-running this script phase.\necho \"SUCCESS\" > \"${SCRIPT_OUTPUT_FILE_0}\"\n";
			showEnvVarsInLog = 0;
		};
/* End PBXShellScriptBuildPhase section */

/* Begin PBXSourcesBuildPhase section */
		4F4D9444275D12F900650A93 /* Sources */ = {
			isa = PBXSourcesBuildPhase;
			buildActionMask = 2147483647;
			files = (
				4F163C81278A239900C8CE10 /* ActionSheetViewModel.swift in Sources */,
				4F86DC8427649DF0004FFB5A /* RegistrationController.swift in Sources */,
				4F163C7F278A101F00C8CE10 /* ActionSheetCell.swift in Sources */,
				4F3E83F0277761A200E62ADC /* ImageService.swift in Sources */,
				4FB7F651275D5049008F7AB7 /* NotificationsController.swift in Sources */,
				4F6E095B276E7026004DA592 /* CachedImageView.swift in Sources */,
				4F39D93427653B9900149770 /* DBConstants.swift in Sources */,
				4FB35AB92764B4110021F277 /* Utilities.swift in Sources */,
				4F2B2DCE276F94F90020F27A /* TweetService.swift in Sources */,
				4F96921D27802B6400E14880 /* TweetDetailsHeader.swift in Sources */,
				4F86DC8227649DB9004FFB5A /* LoginController.swift in Sources */,
				4F3E83EE2777606A00E62ADC /* ProfileHeaderViewModel.swift in Sources */,
				4FB7F653275D506D008F7AB7 /* ConversationsController.swift in Sources */,
				4FCB1824276BC58900388E96 /* UserService.swift in Sources */,
				4F96921B278027DE00E14880 /* TweetDetailsController.swift in Sources */,
				4F713FCE276F75AA0060B893 /* CaptionTextView.swift in Sources */,
				4FF29DCE27862C0F00DB5215 /* ActionSheetLauncher.swift in Sources */,
				4F6E095D276E707D004DA592 /* DiscardableImageCacheItem.swift in Sources */,
				4F4EE53927726177002DC666 /* ProfileHeaderView.swift in Sources */,
				4FCB1826276BCBB000388E96 /* User.swift in Sources */,
				4F2B2DD2276FA5C80020F27A /* TweetCell.swift in Sources */,
				4F4D944C275D12F900650A93 /* AppDelegate.swift in Sources */,
				4F4EE53727725B10002DC666 /* ProfileController.swift in Sources */,
				4F363C7827711621002B889F /* TweetViewModel.swift in Sources */,
				4FB7F64F275D501B008F7AB7 /* ExploreController.swift in Sources */,
				4F2154A727788DF00067F35C /* UserCell.swift in Sources */,
				4F1EB5BC27772B54002C7C47 /* ProfileFilterView.swift in Sources */,
				4F86DC7F27649B47004FFB5A /* AppColors.swift in Sources */,
				4F2B2DD0276F9AD70020F27A /* Tweet.swift in Sources */,
				4F62C77E2763E8C900E08809 /* UIButtonConfigurationExtension.swift in Sources */,
				4F4D9467275D13FB00650A93 /* MainTabController.swift in Sources */,
				4F1EB5BE27772F27002C7C47 /* ProfileFilterCell.swift in Sources */,
				4F4D944E275D12F900650A93 /* SceneDelegate.swift in Sources */,
				4FB7F64D275D4FD0008F7AB7 /* FeedController.swift in Sources */,
				4F62C7802763F1A200E08809 /* NSConstraintsExtension.swift in Sources */,
				4FB7F656275D533D008F7AB7 /* Constants.swift in Sources */,
				4F163C7D278A04CC00C8CE10 /* UIApplicationExtension.swift in Sources */,
				4F93710B27664D37007667F8 /* AuthService.swift in Sources */,
				4F1CAF50276D21160034EBA3 /* UploadTweetsController.swift in Sources */,
				4F7771EA27822B9300347906 /* UploadTweetViewModel.swift in Sources */,
			);
			runOnlyForDeploymentPostprocessing = 0;
		};
/* End PBXSourcesBuildPhase section */

/* Begin PBXVariantGroup section */
		4F4D9456275D12FB00650A93 /* LaunchScreen.storyboard */ = {
			isa = PBXVariantGroup;
			children = (
				4F4D9457275D12FB00650A93 /* Base */,
			);
			name = LaunchScreen.storyboard;
			sourceTree = "<group>";
		};
/* End PBXVariantGroup section */

/* Begin XCBuildConfiguration section */
		4F4D945A275D12FB00650A93 /* Debug */ = {
			isa = XCBuildConfiguration;
			buildSettings = {
				ALWAYS_SEARCH_USER_PATHS = NO;
				CLANG_ANALYZER_NONNULL = YES;
				CLANG_ANALYZER_NUMBER_OBJECT_CONVERSION = YES_AGGRESSIVE;
				CLANG_CXX_LANGUAGE_STANDARD = "gnu++17";
				CLANG_CXX_LIBRARY = "libc++";
				CLANG_ENABLE_MODULES = YES;
				CLANG_ENABLE_OBJC_ARC = YES;
				CLANG_ENABLE_OBJC_WEAK = YES;
				CLANG_WARN_BLOCK_CAPTURE_AUTORELEASING = YES;
				CLANG_WARN_BOOL_CONVERSION = YES;
				CLANG_WARN_COMMA = YES;
				CLANG_WARN_CONSTANT_CONVERSION = YES;
				CLANG_WARN_DEPRECATED_OBJC_IMPLEMENTATIONS = YES;
				CLANG_WARN_DIRECT_OBJC_ISA_USAGE = YES_ERROR;
				CLANG_WARN_DOCUMENTATION_COMMENTS = YES;
				CLANG_WARN_EMPTY_BODY = YES;
				CLANG_WARN_ENUM_CONVERSION = YES;
				CLANG_WARN_INFINITE_RECURSION = YES;
				CLANG_WARN_INT_CONVERSION = YES;
				CLANG_WARN_NON_LITERAL_NULL_CONVERSION = YES;
				CLANG_WARN_OBJC_IMPLICIT_RETAIN_SELF = YES;
				CLANG_WARN_OBJC_LITERAL_CONVERSION = YES;
				CLANG_WARN_OBJC_ROOT_CLASS = YES_ERROR;
				CLANG_WARN_QUOTED_INCLUDE_IN_FRAMEWORK_HEADER = YES;
				CLANG_WARN_RANGE_LOOP_ANALYSIS = YES;
				CLANG_WARN_STRICT_PROTOTYPES = YES;
				CLANG_WARN_SUSPICIOUS_MOVE = YES;
				CLANG_WARN_UNGUARDED_AVAILABILITY = YES_AGGRESSIVE;
				CLANG_WARN_UNREACHABLE_CODE = YES;
				CLANG_WARN__DUPLICATE_METHOD_MATCH = YES;
				COPY_PHASE_STRIP = NO;
				DEBUG_INFORMATION_FORMAT = dwarf;
				ENABLE_STRICT_OBJC_MSGSEND = YES;
				ENABLE_TESTABILITY = YES;
				GCC_C_LANGUAGE_STANDARD = gnu11;
				GCC_DYNAMIC_NO_PIC = NO;
				GCC_NO_COMMON_BLOCKS = YES;
				GCC_OPTIMIZATION_LEVEL = 0;
				GCC_PREPROCESSOR_DEFINITIONS = (
					"DEBUG=1",
					"$(inherited)",
				);
				GCC_WARN_64_TO_32_BIT_CONVERSION = YES;
				GCC_WARN_ABOUT_RETURN_TYPE = YES_ERROR;
				GCC_WARN_UNDECLARED_SELECTOR = YES;
				GCC_WARN_UNINITIALIZED_AUTOS = YES_AGGRESSIVE;
				GCC_WARN_UNUSED_FUNCTION = YES;
				GCC_WARN_UNUSED_VARIABLE = YES;
				IPHONEOS_DEPLOYMENT_TARGET = 15.0;
				MTL_ENABLE_DEBUG_INFO = INCLUDE_SOURCE;
				MTL_FAST_MATH = YES;
				ONLY_ACTIVE_ARCH = YES;
				SDKROOT = iphoneos;
				SWIFT_ACTIVE_COMPILATION_CONDITIONS = DEBUG;
				SWIFT_OPTIMIZATION_LEVEL = "-Onone";
			};
			name = Debug;
		};
		4F4D945B275D12FB00650A93 /* Release */ = {
			isa = XCBuildConfiguration;
			buildSettings = {
				ALWAYS_SEARCH_USER_PATHS = NO;
				CLANG_ANALYZER_NONNULL = YES;
				CLANG_ANALYZER_NUMBER_OBJECT_CONVERSION = YES_AGGRESSIVE;
				CLANG_CXX_LANGUAGE_STANDARD = "gnu++17";
				CLANG_CXX_LIBRARY = "libc++";
				CLANG_ENABLE_MODULES = YES;
				CLANG_ENABLE_OBJC_ARC = YES;
				CLANG_ENABLE_OBJC_WEAK = YES;
				CLANG_WARN_BLOCK_CAPTURE_AUTORELEASING = YES;
				CLANG_WARN_BOOL_CONVERSION = YES;
				CLANG_WARN_COMMA = YES;
				CLANG_WARN_CONSTANT_CONVERSION = YES;
				CLANG_WARN_DEPRECATED_OBJC_IMPLEMENTATIONS = YES;
				CLANG_WARN_DIRECT_OBJC_ISA_USAGE = YES_ERROR;
				CLANG_WARN_DOCUMENTATION_COMMENTS = YES;
				CLANG_WARN_EMPTY_BODY = YES;
				CLANG_WARN_ENUM_CONVERSION = YES;
				CLANG_WARN_INFINITE_RECURSION = YES;
				CLANG_WARN_INT_CONVERSION = YES;
				CLANG_WARN_NON_LITERAL_NULL_CONVERSION = YES;
				CLANG_WARN_OBJC_IMPLICIT_RETAIN_SELF = YES;
				CLANG_WARN_OBJC_LITERAL_CONVERSION = YES;
				CLANG_WARN_OBJC_ROOT_CLASS = YES_ERROR;
				CLANG_WARN_QUOTED_INCLUDE_IN_FRAMEWORK_HEADER = YES;
				CLANG_WARN_RANGE_LOOP_ANALYSIS = YES;
				CLANG_WARN_STRICT_PROTOTYPES = YES;
				CLANG_WARN_SUSPICIOUS_MOVE = YES;
				CLANG_WARN_UNGUARDED_AVAILABILITY = YES_AGGRESSIVE;
				CLANG_WARN_UNREACHABLE_CODE = YES;
				CLANG_WARN__DUPLICATE_METHOD_MATCH = YES;
				COPY_PHASE_STRIP = NO;
				DEBUG_INFORMATION_FORMAT = "dwarf-with-dsym";
				ENABLE_NS_ASSERTIONS = NO;
				ENABLE_STRICT_OBJC_MSGSEND = YES;
				GCC_C_LANGUAGE_STANDARD = gnu11;
				GCC_NO_COMMON_BLOCKS = YES;
				GCC_WARN_64_TO_32_BIT_CONVERSION = YES;
				GCC_WARN_ABOUT_RETURN_TYPE = YES_ERROR;
				GCC_WARN_UNDECLARED_SELECTOR = YES;
				GCC_WARN_UNINITIALIZED_AUTOS = YES_AGGRESSIVE;
				GCC_WARN_UNUSED_FUNCTION = YES;
				GCC_WARN_UNUSED_VARIABLE = YES;
				IPHONEOS_DEPLOYMENT_TARGET = 15.0;
				MTL_ENABLE_DEBUG_INFO = NO;
				MTL_FAST_MATH = YES;
				SDKROOT = iphoneos;
				SWIFT_COMPILATION_MODE = wholemodule;
				SWIFT_OPTIMIZATION_LEVEL = "-O";
				VALIDATE_PRODUCT = YES;
			};
			name = Release;
		};
		4F4D945D275D12FB00650A93 /* Debug */ = {
			isa = XCBuildConfiguration;
			baseConfigurationReference = 11D57413B372532034C4643E /* Pods-TwitterClone.debug.xcconfig */;
			buildSettings = {
				ASSETCATALOG_COMPILER_APPICON_NAME = AppIcon;
				ASSETCATALOG_COMPILER_GLOBAL_ACCENT_COLOR_NAME = AccentColor;
				CODE_SIGN_STYLE = Automatic;
				CURRENT_PROJECT_VERSION = 1;
				DEVELOPMENT_TEAM = 5YJ9NPM7MQ;
				GENERATE_INFOPLIST_FILE = YES;
				INFOPLIST_FILE = TwitterClone/Resources/Info.plist;
				INFOPLIST_KEY_UIApplicationSupportsIndirectInputEvents = YES;
				INFOPLIST_KEY_UILaunchStoryboardName = LaunchScreen;
				INFOPLIST_KEY_UISupportedInterfaceOrientations = UIInterfaceOrientationPortrait;
				INFOPLIST_KEY_UISupportedInterfaceOrientations_iPad = "UIInterfaceOrientationPortrait UIInterfaceOrientationPortraitUpsideDown UIInterfaceOrientationLandscapeLeft UIInterfaceOrientationLandscapeRight";
				INFOPLIST_KEY_UISupportedInterfaceOrientations_iPhone = "UIInterfaceOrientationPortrait UIInterfaceOrientationLandscapeLeft UIInterfaceOrientationLandscapeRight";
				LD_RUNPATH_SEARCH_PATHS = (
					"$(inherited)",
					"@executable_path/Frameworks",
				);
				MARKETING_VERSION = 1.0;
				PRODUCT_BUNDLE_IDENTIFIER = com.fenominall.TwitterClone;
				PRODUCT_NAME = "$(TARGET_NAME)";
				SWIFT_EMIT_LOC_STRINGS = YES;
				SWIFT_VERSION = 5.0;
				TARGETED_DEVICE_FAMILY = "1,2";
			};
			name = Debug;
		};
		4F4D945E275D12FB00650A93 /* Release */ = {
			isa = XCBuildConfiguration;
			baseConfigurationReference = 1ACE9853BF92C45C18702CCE /* Pods-TwitterClone.release.xcconfig */;
			buildSettings = {
				ASSETCATALOG_COMPILER_APPICON_NAME = AppIcon;
				ASSETCATALOG_COMPILER_GLOBAL_ACCENT_COLOR_NAME = AccentColor;
				CODE_SIGN_STYLE = Automatic;
				CURRENT_PROJECT_VERSION = 1;
				DEVELOPMENT_TEAM = 5YJ9NPM7MQ;
				GENERATE_INFOPLIST_FILE = YES;
				INFOPLIST_FILE = TwitterClone/Resources/Info.plist;
				INFOPLIST_KEY_UIApplicationSupportsIndirectInputEvents = YES;
				INFOPLIST_KEY_UILaunchStoryboardName = LaunchScreen;
				INFOPLIST_KEY_UISupportedInterfaceOrientations = UIInterfaceOrientationPortrait;
				INFOPLIST_KEY_UISupportedInterfaceOrientations_iPad = "UIInterfaceOrientationPortrait UIInterfaceOrientationPortraitUpsideDown UIInterfaceOrientationLandscapeLeft UIInterfaceOrientationLandscapeRight";
				INFOPLIST_KEY_UISupportedInterfaceOrientations_iPhone = "UIInterfaceOrientationPortrait UIInterfaceOrientationLandscapeLeft UIInterfaceOrientationLandscapeRight";
				LD_RUNPATH_SEARCH_PATHS = (
					"$(inherited)",
					"@executable_path/Frameworks",
				);
				MARKETING_VERSION = 1.0;
				PRODUCT_BUNDLE_IDENTIFIER = com.fenominall.TwitterClone;
				PRODUCT_NAME = "$(TARGET_NAME)";
				SWIFT_EMIT_LOC_STRINGS = YES;
				SWIFT_VERSION = 5.0;
				TARGETED_DEVICE_FAMILY = "1,2";
			};
			name = Release;
		};
/* End XCBuildConfiguration section */

/* Begin XCConfigurationList section */
		4F4D9443275D12F900650A93 /* Build configuration list for PBXProject "TwitterClone" */ = {
			isa = XCConfigurationList;
			buildConfigurations = (
				4F4D945A275D12FB00650A93 /* Debug */,
				4F4D945B275D12FB00650A93 /* Release */,
			);
			defaultConfigurationIsVisible = 0;
			defaultConfigurationName = Release;
		};
		4F4D945C275D12FB00650A93 /* Build configuration list for PBXNativeTarget "TwitterClone" */ = {
			isa = XCConfigurationList;
			buildConfigurations = (
				4F4D945D275D12FB00650A93 /* Debug */,
				4F4D945E275D12FB00650A93 /* Release */,
			);
			defaultConfigurationIsVisible = 0;
			defaultConfigurationName = Release;
		};
/* End XCConfigurationList section */
	};
	rootObject = 4F4D9440275D12F900650A93 /* Project object */;
}
