// !$*UTF8*$!
{
	archiveVersion = 1;
	classes = {
	};
	objectVersion = 55;
	objects = {

/* Begin PBXBuildFile section */
		4F4D944C275D12F900650A93 /* AppDelegate.swift in Sources */ = {isa = PBXBuildFile; fileRef = 4F4D944B275D12F900650A93 /* AppDelegate.swift */; };
		4F4D944E275D12F900650A93 /* SceneDelegate.swift in Sources */ = {isa = PBXBuildFile; fileRef = 4F4D944D275D12F900650A93 /* SceneDelegate.swift */; };
		4F4D9455275D12FB00650A93 /* Assets.xcassets in Resources */ = {isa = PBXBuildFile; fileRef = 4F4D9454275D12FB00650A93 /* Assets.xcassets */; };
		4F4D9458275D12FB00650A93 /* LaunchScreen.storyboard in Resources */ = {isa = PBXBuildFile; fileRef = 4F4D9456275D12FB00650A93 /* LaunchScreen.storyboard */; };
		4F4D9467275D13FB00650A93 /* MainTabController.swift in Sources */ = {isa = PBXBuildFile; fileRef = 4F4D9466275D13FB00650A93 /* MainTabController.swift */; };
		4F62C77E2763E8C900E08809 /* UIButtonConfigurationExtension.swift in Sources */ = {isa = PBXBuildFile; fileRef = 4F62C77D2763E8C900E08809 /* UIButtonConfigurationExtension.swift */; };
		4F62C7802763F1A200E08809 /* NSConstraintsExtension.swift in Sources */ = {isa = PBXBuildFile; fileRef = 4F62C77F2763F1A200E08809 /* NSConstraintsExtension.swift */; };
		4F86DC7F27649B47004FFB5A /* AppColors.swift in Sources */ = {isa = PBXBuildFile; fileRef = 4F86DC7E27649B47004FFB5A /* AppColors.swift */; };
		4FB7F64D275D4FD0008F7AB7 /* FeedController.swift in Sources */ = {isa = PBXBuildFile; fileRef = 4FB7F64C275D4FD0008F7AB7 /* FeedController.swift */; };
		4FB7F64F275D501B008F7AB7 /* ExploreController.swift in Sources */ = {isa = PBXBuildFile; fileRef = 4FB7F64E275D501B008F7AB7 /* ExploreController.swift */; };
		4FB7F651275D5049008F7AB7 /* NotificationsController.swift in Sources */ = {isa = PBXBuildFile; fileRef = 4FB7F650275D5049008F7AB7 /* NotificationsController.swift */; };
		4FB7F653275D506D008F7AB7 /* ConversationsController.swift in Sources */ = {isa = PBXBuildFile; fileRef = 4FB7F652275D506D008F7AB7 /* ConversationsController.swift */; };
		4FB7F656275D533D008F7AB7 /* Constants.swift in Sources */ = {isa = PBXBuildFile; fileRef = 4FB7F655275D533D008F7AB7 /* Constants.swift */; };
/* End PBXBuildFile section */

/* Begin PBXFileReference section */
		4F4D9448275D12F900650A93 /* TwitterClone.app */ = {isa = PBXFileReference; explicitFileType = wrapper.application; includeInIndex = 0; path = TwitterClone.app; sourceTree = BUILT_PRODUCTS_DIR; };
		4F4D944B275D12F900650A93 /* AppDelegate.swift */ = {isa = PBXFileReference; lastKnownFileType = sourcecode.swift; path = AppDelegate.swift; sourceTree = "<group>"; };
		4F4D944D275D12F900650A93 /* SceneDelegate.swift */ = {isa = PBXFileReference; lastKnownFileType = sourcecode.swift; path = SceneDelegate.swift; sourceTree = "<group>"; };
		4F4D9454275D12FB00650A93 /* Assets.xcassets */ = {isa = PBXFileReference; lastKnownFileType = folder.assetcatalog; path = Assets.xcassets; sourceTree = "<group>"; };
		4F4D9457275D12FB00650A93 /* Base */ = {isa = PBXFileReference; lastKnownFileType = file.storyboard; name = Base; path = Base.lproj/LaunchScreen.storyboard; sourceTree = "<group>"; };
		4F4D9459275D12FB00650A93 /* Info.plist */ = {isa = PBXFileReference; lastKnownFileType = text.plist.xml; path = Info.plist; sourceTree = "<group>"; };
		4F4D9466275D13FB00650A93 /* MainTabController.swift */ = {isa = PBXFileReference; lastKnownFileType = sourcecode.swift; path = MainTabController.swift; sourceTree = "<group>"; };
		4F62C77D2763E8C900E08809 /* UIButtonConfigurationExtension.swift */ = {isa = PBXFileReference; lastKnownFileType = sourcecode.swift; path = UIButtonConfigurationExtension.swift; sourceTree = "<group>"; };
		4F62C77F2763F1A200E08809 /* NSConstraintsExtension.swift */ = {isa = PBXFileReference; lastKnownFileType = sourcecode.swift; path = NSConstraintsExtension.swift; sourceTree = "<group>"; };
		4F86DC7E27649B47004FFB5A /* AppColors.swift */ = {isa = PBXFileReference; lastKnownFileType = sourcecode.swift; path = AppColors.swift; sourceTree = "<group>"; };
		4FB7F64C275D4FD0008F7AB7 /* FeedController.swift */ = {isa = PBXFileReference; lastKnownFileType = sourcecode.swift; path = FeedController.swift; sourceTree = "<group>"; };
		4FB7F64E275D501B008F7AB7 /* ExploreController.swift */ = {isa = PBXFileReference; lastKnownFileType = sourcecode.swift; path = ExploreController.swift; sourceTree = "<group>"; };
		4FB7F650275D5049008F7AB7 /* NotificationsController.swift */ = {isa = PBXFileReference; lastKnownFileType = sourcecode.swift; path = NotificationsController.swift; sourceTree = "<group>"; };
		4FB7F652275D506D008F7AB7 /* ConversationsController.swift */ = {isa = PBXFileReference; lastKnownFileType = sourcecode.swift; path = ConversationsController.swift; sourceTree = "<group>"; };
		4FB7F655275D533D008F7AB7 /* Constants.swift */ = {isa = PBXFileReference; lastKnownFileType = sourcecode.swift; path = Constants.swift; sourceTree = "<group>"; };
/* End PBXFileReference section */

/* Begin PBXFrameworksBuildPhase section */
		4F4D9445275D12F900650A93 /* Frameworks */ = {
			isa = PBXFrameworksBuildPhase;
			buildActionMask = 2147483647;
			files = (
			);
			runOnlyForDeploymentPostprocessing = 0;
		};
/* End PBXFrameworksBuildPhase section */

/* Begin PBXGroup section */
		4F4D943F275D12F900650A93 = {
			isa = PBXGroup;
			children = (
				4F4D944A275D12F900650A93 /* TwitterClone */,
				4F4D9449275D12F900650A93 /* Products */,
			);
			sourceTree = "<group>";
		};
		4F4D9449275D12F900650A93 /* Products */ = {
			isa = PBXGroup;
			children = (
				4F4D9448275D12F900650A93 /* TwitterClone.app */,
			);
			name = Products;
			sourceTree = "<group>";
		};
		4F4D944A275D12F900650A93 /* TwitterClone */ = {
			isa = PBXGroup;
			children = (
				4F62C77C2763E8B300E08809 /* Extensions */,
				4FB7F654275D532F008F7AB7 /* Constants */,
				4F4D9460275D133400650A93 /* API */,
				4F4D9468275D14CE00650A93 /* Application */,
				4F4D9461275D133500650A93 /* Controllers */,
				4F4D9464275D133A00650A93 /* Model */,
				4F4D9469275D14DC00650A93 /* Resources */,
				4F4D9465275D135800650A93 /* Utilities */,
				4F4D9463275D133800650A93 /* View */,
				4F4D9462275D133700650A93 /* ViewModel */,
			);
			path = TwitterClone;
			sourceTree = "<group>";
		};
		4F4D9460275D133400650A93 /* API */ = {
			isa = PBXGroup;
			children = (
			);
			path = API;
			sourceTree = "<group>";
		};
		4F4D9461275D133500650A93 /* Controllers */ = {
			isa = PBXGroup;
			children = (
				4F4D9466275D13FB00650A93 /* MainTabController.swift */,
				4FB7F64C275D4FD0008F7AB7 /* FeedController.swift */,
				4FB7F64E275D501B008F7AB7 /* ExploreController.swift */,
				4FB7F650275D5049008F7AB7 /* NotificationsController.swift */,
				4FB7F652275D506D008F7AB7 /* ConversationsController.swift */,
			);
			path = Controllers;
			sourceTree = "<group>";
		};
		4F4D9462275D133700650A93 /* ViewModel */ = {
			isa = PBXGroup;
			children = (
			);
			path = ViewModel;
			sourceTree = "<group>";
		};
		4F4D9463275D133800650A93 /* View */ = {
			isa = PBXGroup;
			children = (
				4F4D9456275D12FB00650A93 /* LaunchScreen.storyboard */,
			);
			path = View;
			sourceTree = "<group>";
		};
		4F4D9464275D133A00650A93 /* Model */ = {
			isa = PBXGroup;
			children = (
			);
			path = Model;
			sourceTree = "<group>";
		};
		4F4D9465275D135800650A93 /* Utilities */ = {
			isa = PBXGroup;
			children = (
			);
			path = Utilities;
			sourceTree = "<group>";
		};
		4F4D9468275D14CE00650A93 /* Application */ = {
			isa = PBXGroup;
			children = (
				4F4D944B275D12F900650A93 /* AppDelegate.swift */,
				4F4D944D275D12F900650A93 /* SceneDelegate.swift */,
			);
			path = Application;
			sourceTree = "<group>";
		};
		4F4D9469275D14DC00650A93 /* Resources */ = {
			isa = PBXGroup;
			children = (
				4F4D9454275D12FB00650A93 /* Assets.xcassets */,
				4F4D9459275D12FB00650A93 /* Info.plist */,
			);
			path = Resources;
			sourceTree = "<group>";
		};
		4F62C77C2763E8B300E08809 /* Extensions */ = {
			isa = PBXGroup;
			children = (
				4F62C77D2763E8C900E08809 /* UIButtonConfigurationExtension.swift */,
				4F62C77F2763F1A200E08809 /* NSConstraintsExtension.swift */,
				4F86DC7E27649B47004FFB5A /* AppColors.swift */,
			);
			path = Extensions;
			sourceTree = "<group>";
		};
		4FB7F654275D532F008F7AB7 /* Constants */ = {
			isa = PBXGroup;
			children = (
				4FB7F655275D533D008F7AB7 /* Constants.swift */,
			);
			path = Constants;
			sourceTree = "<group>";
		};
/* End PBXGroup section */

/* Begin PBXNativeTarget section */
		4F4D9447275D12F900650A93 /* TwitterClone */ = {
			isa = PBXNativeTarget;
			buildConfigurationList = 4F4D945C275D12FB00650A93 /* Build configuration list for PBXNativeTarget "TwitterClone" */;
			buildPhases = (
				4F4D9444275D12F900650A93 /* Sources */,
				4F4D9445275D12F900650A93 /* Frameworks */,
				4F4D9446275D12F900650A93 /* Resources */,
			);
			buildRules = (
			);
			dependencies = (
			);
			name = TwitterClone;
			productName = TwitterClone;
			productReference = 4F4D9448275D12F900650A93 /* TwitterClone.app */;
			productType = "com.apple.product-type.application";
		};
/* End PBXNativeTarget section */

/* Begin PBXProject section */
		4F4D9440275D12F900650A93 /* Project object */ = {
			isa = PBXProject;
			attributes = {
				BuildIndependentTargetsInParallel = 1;
				LastSwiftUpdateCheck = 1310;
				LastUpgradeCheck = 1310;
				TargetAttributes = {
					4F4D9447275D12F900650A93 = {
						CreatedOnToolsVersion = 13.1;
					};
				};
			};
			buildConfigurationList = 4F4D9443275D12F900650A93 /* Build configuration list for PBXProject "TwitterClone" */;
			compatibilityVersion = "Xcode 13.0";
			developmentRegion = en;
			hasScannedForEncodings = 0;
			knownRegions = (
				en,
				Base,
			);
			mainGroup = 4F4D943F275D12F900650A93;
			productRefGroup = 4F4D9449275D12F900650A93 /* Products */;
			projectDirPath = "";
			projectRoot = "";
			targets = (
				4F4D9447275D12F900650A93 /* TwitterClone */,
			);
		};
/* End PBXProject section */

/* Begin PBXResourcesBuildPhase section */
		4F4D9446275D12F900650A93 /* Resources */ = {
			isa = PBXResourcesBuildPhase;
			buildActionMask = 2147483647;
			files = (
				4F4D9458275D12FB00650A93 /* LaunchScreen.storyboard in Resources */,
				4F4D9455275D12FB00650A93 /* Assets.xcassets in Resources */,
			);
			runOnlyForDeploymentPostprocessing = 0;
		};
/* End PBXResourcesBuildPhase section */

/* Begin PBXSourcesBuildPhase section */
		4F4D9444275D12F900650A93 /* Sources */ = {
			isa = PBXSourcesBuildPhase;
			buildActionMask = 2147483647;
			files = (
				4FB7F651275D5049008F7AB7 /* NotificationsController.swift in Sources */,
				4FB7F653275D506D008F7AB7 /* ConversationsController.swift in Sources */,
				4F4D944C275D12F900650A93 /* AppDelegate.swift in Sources */,
				4FB7F64F275D501B008F7AB7 /* ExploreController.swift in Sources */,
				4F86DC7F27649B47004FFB5A /* AppColors.swift in Sources */,
				4F62C77E2763E8C900E08809 /* UIButtonConfigurationExtension.swift in Sources */,
				4F4D9467275D13FB00650A93 /* MainTabController.swift in Sources */,
				4F4D944E275D12F900650A93 /* SceneDelegate.swift in Sources */,
				4FB7F64D275D4FD0008F7AB7 /* FeedController.swift in Sources */,
				4F62C7802763F1A200E08809 /* NSConstraintsExtension.swift in Sources */,
				4FB7F656275D533D008F7AB7 /* Constants.swift in Sources */,
			);
			runOnlyForDeploymentPostprocessing = 0;
		};
/* End PBXSourcesBuildPhase section */

/* Begin PBXVariantGroup section */
		4F4D9456275D12FB00650A93 /* LaunchScreen.storyboard */ = {
			isa = PBXVariantGroup;
			children = (
				4F4D9457275D12FB00650A93 /* Base */,
			);
			name = LaunchScreen.storyboard;
			sourceTree = "<group>";
		};
/* End PBXVariantGroup section */

/* Begin XCBuildConfiguration section */
		4F4D945A275D12FB00650A93 /* Debug */ = {
			isa = XCBuildConfiguration;
			buildSettings = {
				ALWAYS_SEARCH_USER_PATHS = NO;
				CLANG_ANALYZER_NONNULL = YES;
				CLANG_ANALYZER_NUMBER_OBJECT_CONVERSION = YES_AGGRESSIVE;
				CLANG_CXX_LANGUAGE_STANDARD = "gnu++17";
				CLANG_CXX_LIBRARY = "libc++";
				CLANG_ENABLE_MODULES = YES;
				CLANG_ENABLE_OBJC_ARC = YES;
				CLANG_ENABLE_OBJC_WEAK = YES;
				CLANG_WARN_BLOCK_CAPTURE_AUTORELEASING = YES;
				CLANG_WARN_BOOL_CONVERSION = YES;
				CLANG_WARN_COMMA = YES;
				CLANG_WARN_CONSTANT_CONVERSION = YES;
				CLANG_WARN_DEPRECATED_OBJC_IMPLEMENTATIONS = YES;
				CLANG_WARN_DIRECT_OBJC_ISA_USAGE = YES_ERROR;
				CLANG_WARN_DOCUMENTATION_COMMENTS = YES;
				CLANG_WARN_EMPTY_BODY = YES;
				CLANG_WARN_ENUM_CONVERSION = YES;
				CLANG_WARN_INFINITE_RECURSION = YES;
				CLANG_WARN_INT_CONVERSION = YES;
				CLANG_WARN_NON_LITERAL_NULL_CONVERSION = YES;
				CLANG_WARN_OBJC_IMPLICIT_RETAIN_SELF = YES;
				CLANG_WARN_OBJC_LITERAL_CONVERSION = YES;
				CLANG_WARN_OBJC_ROOT_CLASS = YES_ERROR;
				CLANG_WARN_QUOTED_INCLUDE_IN_FRAMEWORK_HEADER = YES;
				CLANG_WARN_RANGE_LOOP_ANALYSIS = YES;
				CLANG_WARN_STRICT_PROTOTYPES = YES;
				CLANG_WARN_SUSPICIOUS_MOVE = YES;
				CLANG_WARN_UNGUARDED_AVAILABILITY = YES_AGGRESSIVE;
				CLANG_WARN_UNREACHABLE_CODE = YES;
				CLANG_WARN__DUPLICATE_METHOD_MATCH = YES;
				COPY_PHASE_STRIP = NO;
				DEBUG_INFORMATION_FORMAT = dwarf;
				ENABLE_STRICT_OBJC_MSGSEND = YES;
				ENABLE_TESTABILITY = YES;
				GCC_C_LANGUAGE_STANDARD = gnu11;
				GCC_DYNAMIC_NO_PIC = NO;
				GCC_NO_COMMON_BLOCKS = YES;
				GCC_OPTIMIZATION_LEVEL = 0;
				GCC_PREPROCESSOR_DEFINITIONS = (
					"DEBUG=1",
					"$(inherited)",
				);
				GCC_WARN_64_TO_32_BIT_CONVERSION = YES;
				GCC_WARN_ABOUT_RETURN_TYPE = YES_ERROR;
				GCC_WARN_UNDECLARED_SELECTOR = YES;
				GCC_WARN_UNINITIALIZED_AUTOS = YES_AGGRESSIVE;
				GCC_WARN_UNUSED_FUNCTION = YES;
				GCC_WARN_UNUSED_VARIABLE = YES;
				IPHONEOS_DEPLOYMENT_TARGET = 15.0;
				MTL_ENABLE_DEBUG_INFO = INCLUDE_SOURCE;
				MTL_FAST_MATH = YES;
				ONLY_ACTIVE_ARCH = YES;
				SDKROOT = iphoneos;
				SWIFT_ACTIVE_COMPILATION_CONDITIONS = DEBUG;
				SWIFT_OPTIMIZATION_LEVEL = "-Onone";
			};
			name = Debug;
		};
		4F4D945B275D12FB00650A93 /* Release */ = {
			isa = XCBuildConfiguration;
			buildSettings = {
				ALWAYS_SEARCH_USER_PATHS = NO;
				CLANG_ANALYZER_NONNULL = YES;
				CLANG_ANALYZER_NUMBER_OBJECT_CONVERSION = YES_AGGRESSIVE;
				CLANG_CXX_LANGUAGE_STANDARD = "gnu++17";
				CLANG_CXX_LIBRARY = "libc++";
				CLANG_ENABLE_MODULES = YES;
				CLANG_ENABLE_OBJC_ARC = YES;
				CLANG_ENABLE_OBJC_WEAK = YES;
				CLANG_WARN_BLOCK_CAPTURE_AUTORELEASING = YES;
				CLANG_WARN_BOOL_CONVERSION = YES;
				CLANG_WARN_COMMA = YES;
				CLANG_WARN_CONSTANT_CONVERSION = YES;
				CLANG_WARN_DEPRECATED_OBJC_IMPLEMENTATIONS = YES;
				CLANG_WARN_DIRECT_OBJC_ISA_USAGE = YES_ERROR;
				CLANG_WARN_DOCUMENTATION_COMMENTS = YES;
				CLANG_WARN_EMPTY_BODY = YES;
				CLANG_WARN_ENUM_CONVERSION = YES;
				CLANG_WARN_INFINITE_RECURSION = YES;
				CLANG_WARN_INT_CONVERSION = YES;
				CLANG_WARN_NON_LITERAL_NULL_CONVERSION = YES;
				CLANG_WARN_OBJC_IMPLICIT_RETAIN_SELF = YES;
				CLANG_WARN_OBJC_LITERAL_CONVERSION = YES;
				CLANG_WARN_OBJC_ROOT_CLASS = YES_ERROR;
				CLANG_WARN_QUOTED_INCLUDE_IN_FRAMEWORK_HEADER = YES;
				CLANG_WARN_RANGE_LOOP_ANALYSIS = YES;
				CLANG_WARN_STRICT_PROTOTYPES = YES;
				CLANG_WARN_SUSPICIOUS_MOVE = YES;
				CLANG_WARN_UNGUARDED_AVAILABILITY = YES_AGGRESSIVE;
				CLANG_WARN_UNREACHABLE_CODE = YES;
				CLANG_WARN__DUPLICATE_METHOD_MATCH = YES;
				COPY_PHASE_STRIP = NO;
				DEBUG_INFORMATION_FORMAT = "dwarf-with-dsym";
				ENABLE_NS_ASSERTIONS = NO;
				ENABLE_STRICT_OBJC_MSGSEND = YES;
				GCC_C_LANGUAGE_STANDARD = gnu11;
				GCC_NO_COMMON_BLOCKS = YES;
				GCC_WARN_64_TO_32_BIT_CONVERSION = YES;
				GCC_WARN_ABOUT_RETURN_TYPE = YES_ERROR;
				GCC_WARN_UNDECLARED_SELECTOR = YES;
				GCC_WARN_UNINITIALIZED_AUTOS = YES_AGGRESSIVE;
				GCC_WARN_UNUSED_FUNCTION = YES;
				GCC_WARN_UNUSED_VARIABLE = YES;
				IPHONEOS_DEPLOYMENT_TARGET = 15.0;
				MTL_ENABLE_DEBUG_INFO = NO;
				MTL_FAST_MATH = YES;
				SDKROOT = iphoneos;
				SWIFT_COMPILATION_MODE = wholemodule;
				SWIFT_OPTIMIZATION_LEVEL = "-O";
				VALIDATE_PRODUCT = YES;
			};
			name = Release;
		};
		4F4D945D275D12FB00650A93 /* Debug */ = {
			isa = XCBuildConfiguration;
			buildSettings = {
				ASSETCATALOG_COMPILER_APPICON_NAME = AppIcon;
				ASSETCATALOG_COMPILER_GLOBAL_ACCENT_COLOR_NAME = AccentColor;
				CODE_SIGN_STYLE = Automatic;
				CURRENT_PROJECT_VERSION = 1;
				DEVELOPMENT_TEAM = 5YJ9NPM7MQ;
				GENERATE_INFOPLIST_FILE = YES;
				INFOPLIST_FILE = TwitterClone/Resources/Info.plist;
				INFOPLIST_KEY_UIApplicationSupportsIndirectInputEvents = YES;
				INFOPLIST_KEY_UILaunchStoryboardName = LaunchScreen;
				INFOPLIST_KEY_UISupportedInterfaceOrientations = UIInterfaceOrientationPortrait;
				INFOPLIST_KEY_UISupportedInterfaceOrientations_iPad = "UIInterfaceOrientationPortrait UIInterfaceOrientationPortraitUpsideDown UIInterfaceOrientationLandscapeLeft UIInterfaceOrientationLandscapeRight";
				INFOPLIST_KEY_UISupportedInterfaceOrientations_iPhone = "UIInterfaceOrientationPortrait UIInterfaceOrientationLandscapeLeft UIInterfaceOrientationLandscapeRight";
				LD_RUNPATH_SEARCH_PATHS = (
					"$(inherited)",
					"@executable_path/Frameworks",
				);
				MARKETING_VERSION = 1.0;
				PRODUCT_BUNDLE_IDENTIFIER = com.TwitterClone.TwitterClone;
				PRODUCT_NAME = "$(TARGET_NAME)";
				SWIFT_EMIT_LOC_STRINGS = YES;
				SWIFT_VERSION = 5.0;
				TARGETED_DEVICE_FAMILY = "1,2";
			};
			name = Debug;
		};
		4F4D945E275D12FB00650A93 /* Release */ = {
			isa = XCBuildConfiguration;
			buildSettings = {
				ASSETCATALOG_COMPILER_APPICON_NAME = AppIcon;
				ASSETCATALOG_COMPILER_GLOBAL_ACCENT_COLOR_NAME = AccentColor;
				CODE_SIGN_STYLE = Automatic;
				CURRENT_PROJECT_VERSION = 1;
				DEVELOPMENT_TEAM = 5YJ9NPM7MQ;
				GENERATE_INFOPLIST_FILE = YES;
				INFOPLIST_FILE = TwitterClone/Resources/Info.plist;
				INFOPLIST_KEY_UIApplicationSupportsIndirectInputEvents = YES;
				INFOPLIST_KEY_UILaunchStoryboardName = LaunchScreen;
				INFOPLIST_KEY_UISupportedInterfaceOrientations = UIInterfaceOrientationPortrait;
				INFOPLIST_KEY_UISupportedInterfaceOrientations_iPad = "UIInterfaceOrientationPortrait UIInterfaceOrientationPortraitUpsideDown UIInterfaceOrientationLandscapeLeft UIInterfaceOrientationLandscapeRight";
				INFOPLIST_KEY_UISupportedInterfaceOrientations_iPhone = "UIInterfaceOrientationPortrait UIInterfaceOrientationLandscapeLeft UIInterfaceOrientationLandscapeRight";
				LD_RUNPATH_SEARCH_PATHS = (
					"$(inherited)",
					"@executable_path/Frameworks",
				);
				MARKETING_VERSION = 1.0;
				PRODUCT_BUNDLE_IDENTIFIER = com.TwitterClone.TwitterClone;
				PRODUCT_NAME = "$(TARGET_NAME)";
				SWIFT_EMIT_LOC_STRINGS = YES;
				SWIFT_VERSION = 5.0;
				TARGETED_DEVICE_FAMILY = "1,2";
			};
			name = Release;
		};
/* End XCBuildConfiguration section */

/* Begin XCConfigurationList section */
		4F4D9443275D12F900650A93 /* Build configuration list for PBXProject "TwitterClone" */ = {
			isa = XCConfigurationList;
			buildConfigurations = (
				4F4D945A275D12FB00650A93 /* Debug */,
				4F4D945B275D12FB00650A93 /* Release */,
			);
			defaultConfigurationIsVisible = 0;
			defaultConfigurationName = Release;
		};
		4F4D945C275D12FB00650A93 /* Build configuration list for PBXNativeTarget "TwitterClone" */ = {
			isa = XCConfigurationList;
			buildConfigurations = (
				4F4D945D275D12FB00650A93 /* Debug */,
				4F4D945E275D12FB00650A93 /* Release */,
			);
			defaultConfigurationIsVisible = 0;
			defaultConfigurationName = Release;
		};
/* End XCConfigurationList section */
	};
	rootObject = 4F4D9440275D12F900650A93 /* Project object */;
}
